
Microsoft Visual Studio Solution File, Format Version 12.00
# Visual Studio Version 17
VisualStudioVersion = 17.10.34928.147
MinimumVisualStudioVersion = 10.0.40219.1
Project("{FAE04EC0-301F-11D3-BF4B-00C04F79EFBC}") = "GestionHotelWinForms", "GestionHotelWinForms.csproj", "{4C053541-FC14-4F0D-B973-B0675F14CBE4}"
EndProject
Global
	GlobalSection(SolutionConfigurationPlatforms) = preSolution
		Debug|Any CPU = Debug|Any CPU
		Release|Any CPU = Release|Any CPU
	EndGlobalSection
	GlobalSection(SolutionProperties) = preSolution
		HideSolutionNode = FALSE
	EndGlobalSection
	GlobalSection(ExtensibilityGlobals) = postSolution
		SolutionGuid = {17F0FDC2-46A3-4AFD-A4AC-8546FD92E982}
	EndGlobalSection
	GlobalSection(ProjectConfigurationPlatforms) = postSolution
		{4C053541-FC14-4F0D-B973-B0675F14CBE4}.Debug|Any CPU.ActiveCfg = Debug|Any CPU
		{4C053541-FC14-4F0D-B973-B0675F14CBE4}.Debug|Any CPU.Build.0 = Debug|Any CPU
		{4C053541-FC14-4F0D-B973-B0675F14CBE4}.Release|Any CPU.ActiveCfg = Release|Any CPU
		{4C053541-FC14-4F0D-B973-B0675F14CBE4}.Release|Any CPU.Build.0 = Release|Any CPU
	EndGlobalSection
EndGlobal
