
Microsoft Visual Studio Solution File, Format Version 12.00
# Visual Studio Version 17
VisualStudioVersion = 17.10.34928.147
MinimumVisualStudioVersion = 10.0.40219.1
Project("{9A19103F-16F7-4668-BE54-9A1E7A4F7556}") = "DomainLayer", "src\Domain\DomainLayer.csproj", "{3F8D25C5-D008-43D0-8357-AEFD4E54CF89}"
EndProject
Project("{9A19103F-16F7-4668-BE54-9A1E7A4F7556}") = "ApplicationLayer", "src\Services\ApplicationLayer.csproj", "{22AF77D8-34F2-4387-B7E8-BE0A5C9E4D79}"
EndProject
Project("{9A19103F-16F7-4668-BE54-9A1E7A4F7556}") = "PresentationLayer", "src\Presentation2\PresentationLayer.csproj", "{14AA5223-95A6-4F96-84E0-8D8FB7D6A612}"
EndProject
Project("{9A19103F-16F7-4668-BE54-9A1E7A4F7556}") = "InfraestructureLayer", "src\Infraestructure\InfraestructureLayer.csproj", "{5DA132E7-9F36-460C-99EA-AEDE758EB19D}"
EndProject
Global
	GlobalSection(SolutionConfigurationPlatforms) = preSolution
		Debug|Any CPU = Debug|Any CPU
		Release|Any CPU = Release|Any CPU
	EndGlobalSection
	GlobalSection(ProjectConfigurationPlatforms) = postSolution
		{3F8D25C5-D008-43D0-8357-AEFD4E54CF89}.Debug|Any CPU.ActiveCfg = Debug|Any CPU
		{3F8D25C5-D008-43D0-8357-AEFD4E54CF89}.Debug|Any CPU.Build.0 = Debug|Any CPU
		{3F8D25C5-D008-43D0-8357-AEFD4E54CF89}.Release|Any CPU.ActiveCfg = Release|Any CPU
		{3F8D25C5-D008-43D0-8357-AEFD4E54CF89}.Release|Any CPU.Build.0 = Release|Any CPU
		{22AF77D8-34F2-4387-B7E8-BE0A5C9E4D79}.Debug|Any CPU.ActiveCfg = Debug|Any CPU
		{22AF77D8-34F2-4387-B7E8-BE0A5C9E4D79}.Debug|Any CPU.Build.0 = Debug|Any CPU
		{22AF77D8-34F2-4387-B7E8-BE0A5C9E4D79}.Release|Any CPU.ActiveCfg = Release|Any CPU
		{22AF77D8-34F2-4387-B7E8-BE0A5C9E4D79}.Release|Any CPU.Build.0 = Release|Any CPU
		{14AA5223-95A6-4F96-84E0-8D8FB7D6A612}.Debug|Any CPU.ActiveCfg = Debug|Any CPU
		{14AA5223-95A6-4F96-84E0-8D8FB7D6A612}.Debug|Any CPU.Build.0 = Debug|Any CPU
		{14AA5223-95A6-4F96-84E0-8D8FB7D6A612}.Release|Any CPU.ActiveCfg = Release|Any CPU
		{14AA5223-95A6-4F96-84E0-8D8FB7D6A612}.Release|Any CPU.Build.0 = Release|Any CPU
		{5DA132E7-9F36-460C-99EA-AEDE758EB19D}.Debug|Any CPU.ActiveCfg = Debug|Any CPU
		{5DA132E7-9F36-460C-99EA-AEDE758EB19D}.Debug|Any CPU.Build.0 = Debug|Any CPU
		{5DA132E7-9F36-460C-99EA-AEDE758EB19D}.Release|Any CPU.ActiveCfg = Release|Any CPU
		{5DA132E7-9F36-460C-99EA-AEDE758EB19D}.Release|Any CPU.Build.0 = Release|Any CPU
	EndGlobalSection
	GlobalSection(SolutionProperties) = preSolution
		HideSolutionNode = FALSE
	EndGlobalSection
	GlobalSection(ExtensibilityGlobals) = postSolution
		SolutionGuid = {17F0FDC2-46A3-4AFD-A4AC-8546FD92E982}
	EndGlobalSection
EndGlobal
