
Microsoft Visual Studio Solution File, Format Version 12.00
# Visual Studio Version 17
VisualStudioVersion = 17.5.002.0
MinimumVisualStudioVersion = 10.0.40219.1
Project("{2150E333-8FDC-42A3-9474-1A3956D46DE8}") = "src", "src", "{1598A827-B272-48AC-BD12-6D4568131DA1}"
EndProject
Project("{FAE04EC0-301F-11D3-BF4B-00C04F79EFBC}") = "DomainLayer", "src\Domain\DomainLayer.csproj", "{A1F540B0-142F-4C8E-AD8D-B95EF0C80162}"
EndProject
Project("{FAE04EC0-301F-11D3-BF4B-00C04F79EFBC}") = "InfraestructureLayer", "src\Infraestructure\InfraestructureLayer.csproj", "{9C0218F7-CC75-4393-9F3F-690120A88ACE}"
EndProject
Project("{FAE04EC0-301F-11D3-BF4B-00C04F79EFBC}") = "ApplicationLayer", "src\Services\ApplicationLayer.csproj", "{644E8C38-23A4-4797-B080-0F7D38495CF0}"
EndProject
Project("{FAE04EC0-301F-11D3-BF4B-00C04F79EFBC}") = "PresentationLayer", "src\Presentation\PresentationLayer.csproj", "{EBC8E7A0-0BD7-42A9-A70C-0FCB00E47D2A}"
EndProject
Global
	GlobalSection(SolutionConfigurationPlatforms) = preSolution
		Debug|Any CPU = Debug|Any CPU
		Release|Any CPU = Release|Any CPU
	EndGlobalSection
	GlobalSection(ProjectConfigurationPlatforms) = postSolution
		{A1F540B0-142F-4C8E-AD8D-B95EF0C80162}.Debug|Any CPU.ActiveCfg = Debug|Any CPU
		{A1F540B0-142F-4C8E-AD8D-B95EF0C80162}.Debug|Any CPU.Build.0 = Debug|Any CPU
		{A1F540B0-142F-4C8E-AD8D-B95EF0C80162}.Release|Any CPU.ActiveCfg = Release|Any CPU
		{A1F540B0-142F-4C8E-AD8D-B95EF0C80162}.Release|Any CPU.Build.0 = Release|Any CPU
		{9C0218F7-CC75-4393-9F3F-690120A88ACE}.Debug|Any CPU.ActiveCfg = Debug|Any CPU
		{9C0218F7-CC75-4393-9F3F-690120A88ACE}.Debug|Any CPU.Build.0 = Debug|Any CPU
		{9C0218F7-CC75-4393-9F3F-690120A88ACE}.Release|Any CPU.ActiveCfg = Release|Any CPU
		{9C0218F7-CC75-4393-9F3F-690120A88ACE}.Release|Any CPU.Build.0 = Release|Any CPU
		{644E8C38-23A4-4797-B080-0F7D38495CF0}.Debug|Any CPU.ActiveCfg = Debug|Any CPU
		{644E8C38-23A4-4797-B080-0F7D38495CF0}.Debug|Any CPU.Build.0 = Debug|Any CPU
		{644E8C38-23A4-4797-B080-0F7D38495CF0}.Release|Any CPU.ActiveCfg = Release|Any CPU
		{644E8C38-23A4-4797-B080-0F7D38495CF0}.Release|Any CPU.Build.0 = Release|Any CPU
		{EBC8E7A0-0BD7-42A9-A70C-0FCB00E47D2A}.Debug|Any CPU.ActiveCfg = Debug|Any CPU
		{EBC8E7A0-0BD7-42A9-A70C-0FCB00E47D2A}.Debug|Any CPU.Build.0 = Debug|Any CPU
		{EBC8E7A0-0BD7-42A9-A70C-0FCB00E47D2A}.Release|Any CPU.ActiveCfg = Release|Any CPU
		{EBC8E7A0-0BD7-42A9-A70C-0FCB00E47D2A}.Release|Any CPU.Build.0 = Release|Any CPU
	EndGlobalSection
	GlobalSection(SolutionProperties) = preSolution
		HideSolutionNode = FALSE
	EndGlobalSection
	GlobalSection(ExtensibilityGlobals) = postSolution
		SolutionGuid = {7550480C-BD1E-4A16-A456-A9283D24CF68}
	EndGlobalSection
	GlobalSection(NestedProjects) = preSolution
		{A1F540B0-142F-4C8E-AD8D-B95EF0C80162} = {1598A827-B272-48AC-BD12-6D4568131DA1}
		{9C0218F7-CC75-4393-9F3F-690120A88ACE} = {1598A827-B272-48AC-BD12-6D4568131DA1}
		{644E8C38-23A4-4797-B080-0F7D38495CF0} = {1598A827-B272-48AC-BD12-6D4568131DA1}
		{EBC8E7A0-0BD7-42A9-A70C-0FCB00E47D2A} = {1598A827-B272-48AC-BD12-6D4568131DA1}
	EndGlobalSection
EndGlobal
